
Microsoft Visual Studio Solution File, Format Version 12.00
# Visual Studio 2013
VisualStudioVersion = 12.0.30501.0
MinimumVisualStudioVersion = 10.0.40219.1
Project("{FAE04EC0-301F-11D3-BF4B-00C04F79EFBC}") = "BeautyConcept.App", "BeautyConcept.App\BeautyConcept.App.csproj", "{67625317-A8F4-40EC-8225-2FF0A8524BD8}"
EndProject
Project("{FAE04EC0-301F-11D3-BF4B-00C04F79EFBC}") = "BeautyConcept.POS", "BeautyConcept.POS\BeautyConcept.POS.csproj", "{AC93D3D8-9AC6-45B4-BABE-DEC4FD8F1F97}"
EndProject
Global
	GlobalSection(SolutionConfigurationPlatforms) = preSolution
		Debug|Any CPU = Debug|Any CPU
		Release|Any CPU = Release|Any CPU
	EndGlobalSection
	GlobalSection(ProjectConfigurationPlatforms) = postSolution
		{67625317-A8F4-40EC-8225-2FF0A8524BD8}.Debug|Any CPU.ActiveCfg = Debug|Any CPU
		{67625317-A8F4-40EC-8225-2FF0A8524BD8}.Debug|Any CPU.Build.0 = Debug|Any CPU
		{67625317-A8F4-40EC-8225-2FF0A8524BD8}.Release|Any CPU.ActiveCfg = Release|Any CPU
		{67625317-A8F4-40EC-8225-2FF0A8524BD8}.Release|Any CPU.Build.0 = Release|Any CPU
		{AC93D3D8-9AC6-45B4-BABE-DEC4FD8F1F97}.Debug|Any CPU.ActiveCfg = Debug|Any CPU
		{AC93D3D8-9AC6-45B4-BABE-DEC4FD8F1F97}.Debug|Any CPU.Build.0 = Debug|Any CPU
		{AC93D3D8-9AC6-45B4-BABE-DEC4FD8F1F97}.Release|Any CPU.ActiveCfg = Release|Any CPU
		{AC93D3D8-9AC6-45B4-BABE-DEC4FD8F1F97}.Release|Any CPU.Build.0 = Release|Any CPU
	EndGlobalSection
	GlobalSection(SolutionProperties) = preSolution
		HideSolutionNode = FALSE
	EndGlobalSection
EndGlobal
